# THIS IS AN AUTOGENERATED FILE. DO NOT EDIT THIS FILE DIRECTLY.
# yarn lockfile v1


phoenix@^1.4.11:
  version "1.4.11"
  resolved "https://registry.yarnpkg.com/phoenix/-/phoenix-1.4.11.tgz#3e70cd2461600ef3b0d4308e8fef7d2005fe000a"
  integrity sha512-UkuqKB/+Uy9LNt15v1PpPeoLizcYwF4cFTi1wiMZ2TVX5+2Pj7MbRDFmoUFPc+Z1jsOE/TdQ6kzZohErWMiYlQ==

phoenix_html@^2.13.2:
  version "2.13.2"
  resolved "https://registry.yarnpkg.com/phoenix_html/-/phoenix_html-2.13.2.tgz#28a2376b713e9d8dda0aee8710f7c73732ff0157"
  integrity sha512-tXrTduDqIisIn0nhZJURLqjaN5aq0nYAwh6wKGQKug6FHEsRmjxWMCVSrPyXo+2ldf7EQLUWdX1ZzlNtyXTsSQ==
